
Microsoft Visual Studio Solution File, Format Version 12.00
# Visual Studio 15
VisualStudioVersion = 15.0.27703.2035
MinimumVisualStudioVersion = 10.0.40219.1
Project("{FAE04EC0-301F-11D3-BF4B-00C04F79EFBC}") = "Fitness.BL", "Fitness.BL\Fitness.BL.csproj", "{57E7857C-1BEC-436A-BC55-2FE36C585036}"
EndProject
Project("{FAE04EC0-301F-11D3-BF4B-00C04F79EFBC}") = "Fitness.CMD", "Fitness.CMD\Fitness.CMD.csproj", "{E63871F5-EE7F-4301-BB58-0F7821F521D5}"
EndProject
Project("{FAE04EC0-301F-11D3-BF4B-00C04F79EFBC}") = "Fitness.BLTests", "Fitness.BLTests\Fitness.BLTests.csproj", "{6EC7CFB5-05CE-410B-8B5C-AC8DCB9010D9}"
EndProject
Global
	GlobalSection(SolutionConfigurationPlatforms) = preSolution
		Debug|Any CPU = Debug|Any CPU
		Release|Any CPU = Release|Any CPU
	EndGlobalSection
	GlobalSection(ProjectConfigurationPlatforms) = postSolution
		{57E7857C-1BEC-436A-BC55-2FE36C585036}.Debug|Any CPU.ActiveCfg = Debug|Any CPU
		{57E7857C-1BEC-436A-BC55-2FE36C585036}.Debug|Any CPU.Build.0 = Debug|Any CPU
		{57E7857C-1BEC-436A-BC55-2FE36C585036}.Release|Any CPU.ActiveCfg = Release|Any CPU
		{57E7857C-1BEC-436A-BC55-2FE36C585036}.Release|Any CPU.Build.0 = Release|Any CPU
		{E63871F5-EE7F-4301-BB58-0F7821F521D5}.Debug|Any CPU.ActiveCfg = Debug|Any CPU
		{E63871F5-EE7F-4301-BB58-0F7821F521D5}.Debug|Any CPU.Build.0 = Debug|Any CPU
		{E63871F5-EE7F-4301-BB58-0F7821F521D5}.Release|Any CPU.ActiveCfg = Release|Any CPU
		{E63871F5-EE7F-4301-BB58-0F7821F521D5}.Release|Any CPU.Build.0 = Release|Any CPU
		{6EC7CFB5-05CE-410B-8B5C-AC8DCB9010D9}.Debug|Any CPU.ActiveCfg = Debug|Any CPU
		{6EC7CFB5-05CE-410B-8B5C-AC8DCB9010D9}.Debug|Any CPU.Build.0 = Debug|Any CPU
		{6EC7CFB5-05CE-410B-8B5C-AC8DCB9010D9}.Release|Any CPU.ActiveCfg = Release|Any CPU
		{6EC7CFB5-05CE-410B-8B5C-AC8DCB9010D9}.Release|Any CPU.Build.0 = Release|Any CPU
	EndGlobalSection
	GlobalSection(SolutionProperties) = preSolution
		HideSolutionNode = FALSE
	EndGlobalSection
	GlobalSection(ExtensibilityGlobals) = postSolution
		SolutionGuid = {11A1D4C7-84F9-4A8A-AB86-53B5BF0B075C}
	EndGlobalSection
EndGlobal
